// !$*UTF8*$!
{
	archiveVersion = 1;
	classes = {
	};
	objectVersion = 52;
	objects = {

/* Begin PBXBuildFile section */
		302B842D23F54BB5009A509C /* main.swift in Sources */ = {isa = PBXBuildFile; fileRef = 302B842C23F54BB5009A509C /* main.swift */; };
		30A4FFB623F54BF8008F6215 /* LabeledExample.swift in Sources */ = {isa = PBXBuildFile; fileRef = 30A4FFB523F54BF8008F6215 /* LabeledExample.swift */; };
		30A4FFB823F54C88008F6215 /* ImageClassificationDataset.swift in Sources */ = {isa = PBXBuildFile; fileRef = 30A4FFB723F54C88008F6215 /* ImageClassificationDataset.swift */; };
		30A4FFBA23F54CC1008F6215 /* DatasetUtilities.swift in Sources */ = {isa = PBXBuildFile; fileRef = 30A4FFB923F54CC0008F6215 /* DatasetUtilities.swift */; };
		30A4FFBC23F54CFB008F6215 /* MNIST.swift in Sources */ = {isa = PBXBuildFile; fileRef = 30A4FFBB23F54CFB008F6215 /* MNIST.swift */; };
		30A4FFBF23F5543B008F6215 /* TestImageLoader.swift in Sources */ = {isa = PBXBuildFile; fileRef = 30A4FFBE23F5543B008F6215 /* TestImageLoader.swift */; };
/* End PBXBuildFile section */

/* Begin PBXCopyFilesBuildPhase section */
		3012D52223ACC4A200E4B5F8 /* CopyFiles */ = {
			isa = PBXCopyFilesBuildPhase;
			buildActionMask = 2147483647;
			dstPath = /usr/share/man/man1/;
			dstSubfolderSpec = 0;
			files = (
			);
			runOnlyForDeploymentPostprocessing = 1;
		};
/* End PBXCopyFilesBuildPhase section */

/* Begin PBXFileReference section */
		3012D52423ACC4A200E4B5F8 /* TensorFlowSwiftProj */ = {isa = PBXFileReference; explicitFileType = "compiled.mach-o.executable"; includeInIndex = 0; path = TensorFlowSwiftProj; sourceTree = BUILT_PRODUCTS_DIR; };
		302B842C23F54BB5009A509C /* main.swift */ = {isa = PBXFileReference; fileEncoding = 4; lastKnownFileType = sourcecode.swift; path = main.swift; sourceTree = "<group>"; };
		3041EA1F23ACE78C0035DA06 /* TensorFlowSwiftProj.entitlements */ = {isa = PBXFileReference; lastKnownFileType = text.plist.entitlements; path = TensorFlowSwiftProj.entitlements; sourceTree = "<group>"; };
		30A4FFB523F54BF8008F6215 /* LabeledExample.swift */ = {isa = PBXFileReference; fileEncoding = 4; lastKnownFileType = sourcecode.swift; path = LabeledExample.swift; sourceTree = "<group>"; };
		30A4FFB723F54C88008F6215 /* ImageClassificationDataset.swift */ = {isa = PBXFileReference; fileEncoding = 4; lastKnownFileType = sourcecode.swift; path = ImageClassificationDataset.swift; sourceTree = "<group>"; };
		30A4FFB923F54CC0008F6215 /* DatasetUtilities.swift */ = {isa = PBXFileReference; fileEncoding = 4; lastKnownFileType = sourcecode.swift; path = DatasetUtilities.swift; sourceTree = "<group>"; };
		30A4FFBB23F54CFB008F6215 /* MNIST.swift */ = {isa = PBXFileReference; fileEncoding = 4; lastKnownFileType = sourcecode.swift; path = MNIST.swift; sourceTree = "<group>"; };
		30A4FFBE23F5543B008F6215 /* TestImageLoader.swift */ = {isa = PBXFileReference; fileEncoding = 4; lastKnownFileType = sourcecode.swift; path = TestImageLoader.swift; sourceTree = "<group>"; };
/* End PBXFileReference section */

/* Begin PBXFrameworksBuildPhase section */
		3012D52123ACC4A200E4B5F8 /* Frameworks */ = {
			isa = PBXFrameworksBuildPhase;
			buildActionMask = 2147483647;
			files = (
			);
			runOnlyForDeploymentPostprocessing = 0;
		};
/* End PBXFrameworksBuildPhase section */

/* Begin PBXGroup section */
		3012D51B23ACC4A200E4B5F8 = {
			isa = PBXGroup;
			children = (
				3012D52623ACC4A200E4B5F8 /* TensorFlowSwiftProj */,
				3012D52523ACC4A200E4B5F8 /* Products */,
			);
			sourceTree = "<group>";
		};
		3012D52523ACC4A200E4B5F8 /* Products */ = {
			isa = PBXGroup;
			children = (
				3012D52423ACC4A200E4B5F8 /* TensorFlowSwiftProj */,
			);
			name = Products;
			sourceTree = "<group>";
		};
		3012D52623ACC4A200E4B5F8 /* TensorFlowSwiftProj */ = {
			isa = PBXGroup;
			children = (
				3041EA1F23ACE78C0035DA06 /* TensorFlowSwiftProj.entitlements */,
				302B842C23F54BB5009A509C /* main.swift */,
				30A4FFBE23F5543B008F6215 /* TestImageLoader.swift */,
				30A4FFBD23F54D08008F6215 /* Dataset */,
			);
			path = TensorFlowSwiftProj;
			sourceTree = "<group>";
		};
		30A4FFBD23F54D08008F6215 /* Dataset */ = {
			isa = PBXGroup;
			children = (
				30A4FFB523F54BF8008F6215 /* LabeledExample.swift */,
				30A4FFB723F54C88008F6215 /* ImageClassificationDataset.swift */,
				30A4FFB923F54CC0008F6215 /* DatasetUtilities.swift */,
				30A4FFBB23F54CFB008F6215 /* MNIST.swift */,
			);
			path = Dataset;
			sourceTree = "<group>";
		};
/* End PBXGroup section */

/* Begin PBXNativeTarget section */
		3012D52323ACC4A200E4B5F8 /* TensorFlowSwiftProj */ = {
			isa = PBXNativeTarget;
			buildConfigurationList = 3012D52B23ACC4A200E4B5F8 /* Build configuration list for PBXNativeTarget "TensorFlowSwiftProj" */;
			buildPhases = (
				3012D52023ACC4A200E4B5F8 /* Sources */,
				3012D52123ACC4A200E4B5F8 /* Frameworks */,
				3012D52223ACC4A200E4B5F8 /* CopyFiles */,
			);
			buildRules = (
			);
			dependencies = (
			);
			name = TensorFlowSwiftProj;
			packageProductDependencies = (
			);
			productName = TensorFlowSwiftProj;
			productReference = 3012D52423ACC4A200E4B5F8 /* TensorFlowSwiftProj */;
			productType = "com.apple.product-type.tool";
		};
/* End PBXNativeTarget section */

/* Begin PBXProject section */
		3012D51C23ACC4A200E4B5F8 /* Project object */ = {
			isa = PBXProject;
			attributes = {
				LastSwiftUpdateCheck = 1130;
				LastUpgradeCheck = 1140;
				ORGANIZATIONNAME = "Roman Mazeev";
				TargetAttributes = {
					3012D52323ACC4A200E4B5F8 = {
						CreatedOnToolsVersion = 11.3;
						LastSwiftMigration = 1140;
					};
				};
			};
			buildConfigurationList = 3012D51F23ACC4A200E4B5F8 /* Build configuration list for PBXProject "TensorFlowSwiftProj" */;
			compatibilityVersion = "Xcode 11.0";
			developmentRegion = en;
			hasScannedForEncodings = 0;
			knownRegions = (
				en,
				Base,
			);
			mainGroup = 3012D51B23ACC4A200E4B5F8;
			packageReferences = (
			);
			productRefGroup = 3012D52523ACC4A200E4B5F8 /* Products */;
			projectDirPath = "";
			projectRoot = "";
			targets = (
				3012D52323ACC4A200E4B5F8 /* TensorFlowSwiftProj */,
			);
		};
/* End PBXProject section */

/* Begin PBXSourcesBuildPhase section */
		3012D52023ACC4A200E4B5F8 /* Sources */ = {
			isa = PBXSourcesBuildPhase;
			buildActionMask = 2147483647;
			files = (
				30A4FFBC23F54CFB008F6215 /* MNIST.swift in Sources */,
				30A4FFB823F54C88008F6215 /* ImageClassificationDataset.swift in Sources */,
				30A4FFBF23F5543B008F6215 /* TestImageLoader.swift in Sources */,
				30A4FFB623F54BF8008F6215 /* LabeledExample.swift in Sources */,
				302B842D23F54BB5009A509C /* main.swift in Sources */,
				30A4FFBA23F54CC1008F6215 /* DatasetUtilities.swift in Sources */,
			);
			runOnlyForDeploymentPostprocessing = 0;
		};
/* End PBXSourcesBuildPhase section */

/* Begin XCBuildConfiguration section */
		3012D52923ACC4A200E4B5F8 /* Debug */ = {
			isa = XCBuildConfiguration;
			buildSettings = {
				ALWAYS_SEARCH_USER_PATHS = NO;
				CLANG_ANALYZER_NONNULL = YES;
				CLANG_ANALYZER_NUMBER_OBJECT_CONVERSION = YES_AGGRESSIVE;
				CLANG_CXX_LANGUAGE_STANDARD = "gnu++14";
				CLANG_CXX_LIBRARY = "libc++";
				CLANG_ENABLE_MODULES = YES;
				CLANG_ENABLE_OBJC_ARC = YES;
				CLANG_ENABLE_OBJC_WEAK = YES;
				CLANG_WARN_BLOCK_CAPTURE_AUTORELEASING = YES;
				CLANG_WARN_BOOL_CONVERSION = YES;
				CLANG_WARN_COMMA = YES;
				CLANG_WARN_CONSTANT_CONVERSION = YES;
				CLANG_WARN_DEPRECATED_OBJC_IMPLEMENTATIONS = YES;
				CLANG_WARN_DIRECT_OBJC_ISA_USAGE = YES_ERROR;
				CLANG_WARN_DOCUMENTATION_COMMENTS = YES;
				CLANG_WARN_EMPTY_BODY = YES;
				CLANG_WARN_ENUM_CONVERSION = YES;
				CLANG_WARN_INFINITE_RECURSION = YES;
				CLANG_WARN_INT_CONVERSION = YES;
				CLANG_WARN_NON_LITERAL_NULL_CONVERSION = YES;
				CLANG_WARN_OBJC_IMPLICIT_RETAIN_SELF = YES;
				CLANG_WARN_OBJC_LITERAL_CONVERSION = YES;
				CLANG_WARN_OBJC_ROOT_CLASS = YES_ERROR;
				CLANG_WARN_RANGE_LOOP_ANALYSIS = YES;
				CLANG_WARN_STRICT_PROTOTYPES = YES;
				CLANG_WARN_SUSPICIOUS_MOVE = YES;
				CLANG_WARN_UNGUARDED_AVAILABILITY = YES_AGGRESSIVE;
				CLANG_WARN_UNREACHABLE_CODE = YES;
				CLANG_WARN__DUPLICATE_METHOD_MATCH = YES;
				COPY_PHASE_STRIP = NO;
				DEBUG_INFORMATION_FORMAT = dwarf;
				ENABLE_STRICT_OBJC_MSGSEND = YES;
				ENABLE_TESTABILITY = YES;
				GCC_C_LANGUAGE_STANDARD = gnu11;
				GCC_DYNAMIC_NO_PIC = NO;
				GCC_NO_COMMON_BLOCKS = YES;
				GCC_OPTIMIZATION_LEVEL = 1;
				GCC_PREPROCESSOR_DEFINITIONS = (
					"DEBUG=1",
					"$(inherited)",
				);
				GCC_WARN_64_TO_32_BIT_CONVERSION = YES;
				GCC_WARN_ABOUT_RETURN_TYPE = YES_ERROR;
				GCC_WARN_UNDECLARED_SELECTOR = YES;
				GCC_WARN_UNINITIALIZED_AUTOS = YES_AGGRESSIVE;
				GCC_WARN_UNUSED_FUNCTION = YES;
				GCC_WARN_UNUSED_VARIABLE = YES;
				LD_RUNPATH_SEARCH_PATHS = "$(TOOLCHAIN_DIR)";
				MACOSX_DEPLOYMENT_TARGET = 10.15;
				MTL_ENABLE_DEBUG_INFO = INCLUDE_SOURCE;
				MTL_FAST_MATH = YES;
				ONLY_ACTIVE_ARCH = YES;
				SDKROOT = macosx;
				SWIFT_ACTIVE_COMPILATION_CONDITIONS = DEBUG;
				SWIFT_OPTIMIZATION_LEVEL = "-Onone";
			};
			name = Debug;
		};
		3012D52A23ACC4A200E4B5F8 /* Release */ = {
			isa = XCBuildConfiguration;
			buildSettings = {
				ALWAYS_SEARCH_USER_PATHS = NO;
				CLANG_ANALYZER_NONNULL = YES;
				CLANG_ANALYZER_NUMBER_OBJECT_CONVERSION = YES_AGGRESSIVE;
				CLANG_CXX_LANGUAGE_STANDARD = "gnu++14";
				CLANG_CXX_LIBRARY = "libc++";
				CLANG_ENABLE_MODULES = YES;
				CLANG_ENABLE_OBJC_ARC = YES;
				CLANG_ENABLE_OBJC_WEAK = YES;
				CLANG_WARN_BLOCK_CAPTURE_AUTORELEASING = YES;
				CLANG_WARN_BOOL_CONVERSION = YES;
				CLANG_WARN_COMMA = YES;
				CLANG_WARN_CONSTANT_CONVERSION = YES;
				CLANG_WARN_DEPRECATED_OBJC_IMPLEMENTATIONS = YES;
				CLANG_WARN_DIRECT_OBJC_ISA_USAGE = YES_ERROR;
				CLANG_WARN_DOCUMENTATION_COMMENTS = YES;
				CLANG_WARN_EMPTY_BODY = YES;
				CLANG_WARN_ENUM_CONVERSION = YES;
				CLANG_WARN_INFINITE_RECURSION = YES;
				CLANG_WARN_INT_CONVERSION = YES;
				CLANG_WARN_NON_LITERAL_NULL_CONVERSION = YES;
				CLANG_WARN_OBJC_IMPLICIT_RETAIN_SELF = YES;
				CLANG_WARN_OBJC_LITERAL_CONVERSION = YES;
				CLANG_WARN_OBJC_ROOT_CLASS = YES_ERROR;
				CLANG_WARN_RANGE_LOOP_ANALYSIS = YES;
				CLANG_WARN_STRICT_PROTOTYPES = YES;
				CLANG_WARN_SUSPICIOUS_MOVE = YES;
				CLANG_WARN_UNGUARDED_AVAILABILITY = YES_AGGRESSIVE;
				CLANG_WARN_UNREACHABLE_CODE = YES;
				CLANG_WARN__DUPLICATE_METHOD_MATCH = YES;
				COPY_PHASE_STRIP = NO;
				DEBUG_INFORMATION_FORMAT = "dwarf-with-dsym";
				ENABLE_NS_ASSERTIONS = NO;
				ENABLE_STRICT_OBJC_MSGSEND = YES;
				GCC_C_LANGUAGE_STANDARD = gnu11;
				GCC_NO_COMMON_BLOCKS = YES;
				GCC_OPTIMIZATION_LEVEL = 1;
				GCC_WARN_64_TO_32_BIT_CONVERSION = YES;
				GCC_WARN_ABOUT_RETURN_TYPE = YES_ERROR;
				GCC_WARN_UNDECLARED_SELECTOR = YES;
				GCC_WARN_UNINITIALIZED_AUTOS = YES_AGGRESSIVE;
				GCC_WARN_UNUSED_FUNCTION = YES;
				GCC_WARN_UNUSED_VARIABLE = YES;
				LD_RUNPATH_SEARCH_PATHS = "$(TOOLCHAIN_DIR)";
				MACOSX_DEPLOYMENT_TARGET = 10.15;
				MTL_ENABLE_DEBUG_INFO = NO;
				MTL_FAST_MATH = YES;
				SDKROOT = macosx;
				SWIFT_COMPILATION_MODE = wholemodule;
				SWIFT_OPTIMIZATION_LEVEL = "-O";
			};
			name = Release;
		};
		3012D52C23ACC4A200E4B5F8 /* Debug */ = {
			isa = XCBuildConfiguration;
			buildSettings = {
				CLANG_ENABLE_MODULES = YES;
				CODE_SIGN_ENTITLEMENTS = TensorFlowSwiftProj/TensorFlowSwiftProj.entitlements;
				CODE_SIGN_IDENTITY = "Apple Development";
				CODE_SIGN_STYLE = Automatic;
				DEVELOPMENT_TEAM = 2AB5X5S74A;
				ENABLE_HARDENED_RUNTIME = YES;
				GCC_OPTIMIZATION_LEVEL = 1;
				LD_RUNPATH_SEARCH_PATHS = "$(TOOLCHAIN_DIR)";
				PRODUCT_BUNDLE_IDENTIFIER = romanmazeev.tensorflowSwiftProj;
				PRODUCT_NAME = "$(TARGET_NAME)";
				PROVISIONING_PROFILE_SPECIFIER = "";
				SDKROOT = macosx;
				SWIFT_VERSION = 5.0;
			};
			name = Debug;
		};
		3012D52D23ACC4A200E4B5F8 /* Release */ = {
			isa = XCBuildConfiguration;
			buildSettings = {
				CLANG_ENABLE_MODULES = YES;
				CODE_SIGN_ENTITLEMENTS = TensorFlowSwiftProj/TensorFlowSwiftProj.entitlements;
				CODE_SIGN_IDENTITY = "Apple Development";
				CODE_SIGN_STYLE = Automatic;
				DEVELOPMENT_TEAM = 2AB5X5S74A;
				ENABLE_HARDENED_RUNTIME = YES;
				GCC_OPTIMIZATION_LEVEL = 1;
				LD_RUNPATH_SEARCH_PATHS = "$(TOOLCHAIN_DIR)";
				PRODUCT_BUNDLE_IDENTIFIER = romanmazeev.tensorflowSwiftProj;
				PRODUCT_NAME = "$(TARGET_NAME)";
				PROVISIONING_PROFILE_SPECIFIER = "";
				SDKROOT = macosx;
				SWIFT_VERSION = 5.0;
			};
			name = Release;
		};
/* End XCBuildConfiguration section */

/* Begin XCConfigurationList section */
		3012D51F23ACC4A200E4B5F8 /* Build configuration list for PBXProject "TensorFlowSwiftProj" */ = {
			isa = XCConfigurationList;
			buildConfigurations = (
				3012D52923ACC4A200E4B5F8 /* Debug */,
				3012D52A23ACC4A200E4B5F8 /* Release */,
			);
			defaultConfigurationIsVisible = 0;
			defaultConfigurationName = Release;
		};
		3012D52B23ACC4A200E4B5F8 /* Build configuration list for PBXNativeTarget "TensorFlowSwiftProj" */ = {
			isa = XCConfigurationList;
			buildConfigurations = (
				3012D52C23ACC4A200E4B5F8 /* Debug */,
				3012D52D23ACC4A200E4B5F8 /* Release */,
			);
			defaultConfigurationIsVisible = 0;
			defaultConfigurationName = Release;
		};
/* End XCConfigurationList section */
	};
	rootObject = 3012D51C23ACC4A200E4B5F8 /* Project object */;
}
